
Microsoft Visual Studio Solution File, Format Version 11.00
# Visual Studio 2010
Project("{FAE04EC0-301F-11D3-BF4B-00C04F79EFBC}") = "Net.Daczkowski.Emineo.Model", "Net.Daczkowski.Emineo.Model\Net.Daczkowski.Emineo.Model.csproj", "{7E9DFEF2-EA82-4273-8F5D-BAAAF12E748C}"
EndProject
Project("{2150E333-8FDC-42A3-9474-1A3956D46DE8}") = "Schemas", "Schemas", "{5E2A86DC-0810-4819-9623-2553A49E2A79}"
	ProjectSection(SolutionItems) = preProject
		nhibernate-configuration.xsd = nhibernate-configuration.xsd
		nhibernate-mapping.xsd = nhibernate-mapping.xsd
	EndProjectSection
EndProject
Project("{FAE04EC0-301F-11D3-BF4B-00C04F79EFBC}") = "Net.Daczkowski.Emineo.Tests", "Net.Daczkowski.Emineo.Tests\Net.Daczkowski.Emineo.Tests.csproj", "{495DF45B-5A39-4F43-B1D6-E4892876C087}"
EndProject
Project("{2150E333-8FDC-42A3-9474-1A3956D46DE8}") = "Settings", "Settings", "{CEC495B6-DF04-48E5-BD3E-F2816095FA00}"
	ProjectSection(SolutionItems) = preProject
		ProductAssemblyInfo.cs = ProductAssemblyInfo.cs
		Settings.StyleCop = Settings.StyleCop
	EndProjectSection
EndProject
Project("{FAE04EC0-301F-11D3-BF4B-00C04F79EFBC}") = "Net.Daczkowski.Emineo.App", "Net.Daczkowski.Emineo.App\Net.Daczkowski.Emineo.App.csproj", "{2B3AE1C4-DC6D-4FAF-9FB5-3E59FEA1E7AA}"
EndProject
Global
	GlobalSection(SolutionConfigurationPlatforms) = preSolution
		Debug|Any CPU = Debug|Any CPU
		Debug|Mixed Platforms = Debug|Mixed Platforms
		Debug|x86 = Debug|x86
		Release|Any CPU = Release|Any CPU
		Release|Mixed Platforms = Release|Mixed Platforms
		Release|x86 = Release|x86
	EndGlobalSection
	GlobalSection(ProjectConfigurationPlatforms) = postSolution
		{7E9DFEF2-EA82-4273-8F5D-BAAAF12E748C}.Debug|Any CPU.ActiveCfg = Debug|Any CPU
		{7E9DFEF2-EA82-4273-8F5D-BAAAF12E748C}.Debug|Any CPU.Build.0 = Debug|Any CPU
		{7E9DFEF2-EA82-4273-8F5D-BAAAF12E748C}.Debug|Mixed Platforms.ActiveCfg = Debug|Any CPU
		{7E9DFEF2-EA82-4273-8F5D-BAAAF12E748C}.Debug|Mixed Platforms.Build.0 = Debug|Any CPU
		{7E9DFEF2-EA82-4273-8F5D-BAAAF12E748C}.Debug|x86.ActiveCfg = Debug|Any CPU
		{7E9DFEF2-EA82-4273-8F5D-BAAAF12E748C}.Release|Any CPU.ActiveCfg = Release|Any CPU
		{7E9DFEF2-EA82-4273-8F5D-BAAAF12E748C}.Release|Any CPU.Build.0 = Release|Any CPU
		{7E9DFEF2-EA82-4273-8F5D-BAAAF12E748C}.Release|Mixed Platforms.ActiveCfg = Release|Any CPU
		{7E9DFEF2-EA82-4273-8F5D-BAAAF12E748C}.Release|Mixed Platforms.Build.0 = Release|Any CPU
		{7E9DFEF2-EA82-4273-8F5D-BAAAF12E748C}.Release|x86.ActiveCfg = Release|Any CPU
		{495DF45B-5A39-4F43-B1D6-E4892876C087}.Debug|Any CPU.ActiveCfg = Debug|Any CPU
		{495DF45B-5A39-4F43-B1D6-E4892876C087}.Debug|Any CPU.Build.0 = Debug|Any CPU
		{495DF45B-5A39-4F43-B1D6-E4892876C087}.Debug|Mixed Platforms.ActiveCfg = Debug|Any CPU
		{495DF45B-5A39-4F43-B1D6-E4892876C087}.Debug|Mixed Platforms.Build.0 = Debug|Any CPU
		{495DF45B-5A39-4F43-B1D6-E4892876C087}.Debug|x86.ActiveCfg = Debug|Any CPU
		{495DF45B-5A39-4F43-B1D6-E4892876C087}.Release|Any CPU.ActiveCfg = Release|Any CPU
		{495DF45B-5A39-4F43-B1D6-E4892876C087}.Release|Any CPU.Build.0 = Release|Any CPU
		{495DF45B-5A39-4F43-B1D6-E4892876C087}.Release|Mixed Platforms.ActiveCfg = Release|Any CPU
		{495DF45B-5A39-4F43-B1D6-E4892876C087}.Release|Mixed Platforms.Build.0 = Release|Any CPU
		{495DF45B-5A39-4F43-B1D6-E4892876C087}.Release|x86.ActiveCfg = Release|Any CPU
		{2B3AE1C4-DC6D-4FAF-9FB5-3E59FEA1E7AA}.Debug|Any CPU.ActiveCfg = Debug|x86
		{2B3AE1C4-DC6D-4FAF-9FB5-3E59FEA1E7AA}.Debug|Mixed Platforms.ActiveCfg = Debug|x86
		{2B3AE1C4-DC6D-4FAF-9FB5-3E59FEA1E7AA}.Debug|Mixed Platforms.Build.0 = Debug|x86
		{2B3AE1C4-DC6D-4FAF-9FB5-3E59FEA1E7AA}.Debug|x86.ActiveCfg = Debug|x86
		{2B3AE1C4-DC6D-4FAF-9FB5-3E59FEA1E7AA}.Debug|x86.Build.0 = Debug|x86
		{2B3AE1C4-DC6D-4FAF-9FB5-3E59FEA1E7AA}.Release|Any CPU.ActiveCfg = Release|x86
		{2B3AE1C4-DC6D-4FAF-9FB5-3E59FEA1E7AA}.Release|Mixed Platforms.ActiveCfg = Release|x86
		{2B3AE1C4-DC6D-4FAF-9FB5-3E59FEA1E7AA}.Release|Mixed Platforms.Build.0 = Release|x86
		{2B3AE1C4-DC6D-4FAF-9FB5-3E59FEA1E7AA}.Release|x86.ActiveCfg = Release|x86
		{2B3AE1C4-DC6D-4FAF-9FB5-3E59FEA1E7AA}.Release|x86.Build.0 = Release|x86
	EndGlobalSection
	GlobalSection(SolutionProperties) = preSolution
		HideSolutionNode = FALSE
	EndGlobalSection
EndGlobal
